// !$*UTF8*$!
{
	archiveVersion = 1;
	classes = {
	};
	objectVersion = 56;
	objects = {

/* Begin PBXBuildFile section */
		C37480D12A7519F300E2CD1A /* EditView.swift in Sources */ = {isa = PBXBuildFile; fileRef = C37480D02A7519F300E2CD1A /* EditView.swift */; };
		C37480D32A752AEA00E2CD1A /* DateHolder.swift in Sources */ = {isa = PBXBuildFile; fileRef = C37480D22A752AEA00E2CD1A /* DateHolder.swift */; };
		C37480D62A7535DE00E2CD1A /* TaskCell.swift in Sources */ = {isa = PBXBuildFile; fileRef = C37480D52A7535DE00E2CD1A /* TaskCell.swift */; };
		C37480D82A7536AB00E2CD1A /* CheckBoxView.swift in Sources */ = {isa = PBXBuildFile; fileRef = C37480D72A7536AB00E2CD1A /* CheckBoxView.swift */; };
		C37480DB2A7538EB00E2CD1A /* Extension.swift in Sources */ = {isa = PBXBuildFile; fileRef = C37480DA2A7538EB00E2CD1A /* Extension.swift */; };
		C3CFA2D42A75088E006CD9C4 /* ToDoListApp.swift in Sources */ = {isa = PBXBuildFile; fileRef = C3CFA2D32A75088E006CD9C4 /* ToDoListApp.swift */; };
		C3CFA2D62A75088E006CD9C4 /* TaskView.swift in Sources */ = {isa = PBXBuildFile; fileRef = C3CFA2D52A75088E006CD9C4 /* TaskView.swift */; };
		C3CFA2D82A75088E006CD9C4 /* Assets.xcassets in Resources */ = {isa = PBXBuildFile; fileRef = C3CFA2D72A75088E006CD9C4 /* Assets.xcassets */; };
		C3CFA2DB2A75088E006CD9C4 /* Preview Assets.xcassets in Resources */ = {isa = PBXBuildFile; fileRef = C3CFA2DA2A75088E006CD9C4 /* Preview Assets.xcassets */; };
		C3CFA2DD2A75088E006CD9C4 /* Persistence.swift in Sources */ = {isa = PBXBuildFile; fileRef = C3CFA2DC2A75088E006CD9C4 /* Persistence.swift */; };
		C3CFA2E02A75088E006CD9C4 /* ToDoList.xcdatamodeld in Sources */ = {isa = PBXBuildFile; fileRef = C3CFA2DE2A75088E006CD9C4 /* ToDoList.xcdatamodeld */; };
		C3CFA2EA2A75088E006CD9C4 /* ToDoListTests.swift in Sources */ = {isa = PBXBuildFile; fileRef = C3CFA2E92A75088E006CD9C4 /* ToDoListTests.swift */; };
		C3CFA2F42A75088E006CD9C4 /* ToDoListUITests.swift in Sources */ = {isa = PBXBuildFile; fileRef = C3CFA2F32A75088E006CD9C4 /* ToDoListUITests.swift */; };
		C3CFA2F62A75088E006CD9C4 /* ToDoListUITestsLaunchTests.swift in Sources */ = {isa = PBXBuildFile; fileRef = C3CFA2F52A75088E006CD9C4 /* ToDoListUITestsLaunchTests.swift */; };
		C3CFA3032A750D77006CD9C4 /* AddButton.swift in Sources */ = {isa = PBXBuildFile; fileRef = C3CFA3022A750D77006CD9C4 /* AddButton.swift */; };
/* End PBXBuildFile section */

/* Begin PBXContainerItemProxy section */
		C3CFA2E62A75088E006CD9C4 /* PBXContainerItemProxy */ = {
			isa = PBXContainerItemProxy;
			containerPortal = C3CFA2C82A75088E006CD9C4 /* Project object */;
			proxyType = 1;
			remoteGlobalIDString = C3CFA2CF2A75088E006CD9C4;
			remoteInfo = ToDoList;
		};
		C3CFA2F02A75088E006CD9C4 /* PBXContainerItemProxy */ = {
			isa = PBXContainerItemProxy;
			containerPortal = C3CFA2C82A75088E006CD9C4 /* Project object */;
			proxyType = 1;
			remoteGlobalIDString = C3CFA2CF2A75088E006CD9C4;
			remoteInfo = ToDoList;
		};
/* End PBXContainerItemProxy section */

/* Begin PBXFileReference section */
		C37480D02A7519F300E2CD1A /* EditView.swift */ = {isa = PBXFileReference; lastKnownFileType = sourcecode.swift; path = EditView.swift; sourceTree = "<group>"; };
		C37480D22A752AEA00E2CD1A /* DateHolder.swift */ = {isa = PBXFileReference; lastKnownFileType = sourcecode.swift; path = DateHolder.swift; sourceTree = "<group>"; };
		C37480D52A7535DE00E2CD1A /* TaskCell.swift */ = {isa = PBXFileReference; lastKnownFileType = sourcecode.swift; path = TaskCell.swift; sourceTree = "<group>"; };
		C37480D72A7536AB00E2CD1A /* CheckBoxView.swift */ = {isa = PBXFileReference; lastKnownFileType = sourcecode.swift; path = CheckBoxView.swift; sourceTree = "<group>"; };
		C37480DA2A7538EB00E2CD1A /* Extension.swift */ = {isa = PBXFileReference; lastKnownFileType = sourcecode.swift; path = Extension.swift; sourceTree = "<group>"; };
		C3CFA2D02A75088E006CD9C4 /* ToDoList.app */ = {isa = PBXFileReference; explicitFileType = wrapper.application; includeInIndex = 0; path = ToDoList.app; sourceTree = BUILT_PRODUCTS_DIR; };
		C3CFA2D32A75088E006CD9C4 /* ToDoListApp.swift */ = {isa = PBXFileReference; lastKnownFileType = sourcecode.swift; path = ToDoListApp.swift; sourceTree = "<group>"; };
		C3CFA2D52A75088E006CD9C4 /* TaskView.swift */ = {isa = PBXFileReference; lastKnownFileType = sourcecode.swift; path = TaskView.swift; sourceTree = "<group>"; };
		C3CFA2D72A75088E006CD9C4 /* Assets.xcassets */ = {isa = PBXFileReference; lastKnownFileType = folder.assetcatalog; path = Assets.xcassets; sourceTree = "<group>"; };
		C3CFA2DA2A75088E006CD9C4 /* Preview Assets.xcassets */ = {isa = PBXFileReference; lastKnownFileType = folder.assetcatalog; path = "Preview Assets.xcassets"; sourceTree = "<group>"; };
		C3CFA2DC2A75088E006CD9C4 /* Persistence.swift */ = {isa = PBXFileReference; lastKnownFileType = sourcecode.swift; path = Persistence.swift; sourceTree = "<group>"; };
		C3CFA2DF2A75088E006CD9C4 /* ToDoList.xcdatamodel */ = {isa = PBXFileReference; lastKnownFileType = wrapper.xcdatamodel; path = ToDoList.xcdatamodel; sourceTree = "<group>"; };
		C3CFA2E52A75088E006CD9C4 /* ToDoListTests.xctest */ = {isa = PBXFileReference; explicitFileType = wrapper.cfbundle; includeInIndex = 0; path = ToDoListTests.xctest; sourceTree = BUILT_PRODUCTS_DIR; };
		C3CFA2E92A75088E006CD9C4 /* ToDoListTests.swift */ = {isa = PBXFileReference; lastKnownFileType = sourcecode.swift; path = ToDoListTests.swift; sourceTree = "<group>"; };
		C3CFA2EF2A75088E006CD9C4 /* ToDoListUITests.xctest */ = {isa = PBXFileReference; explicitFileType = wrapper.cfbundle; includeInIndex = 0; path = ToDoListUITests.xctest; sourceTree = BUILT_PRODUCTS_DIR; };
		C3CFA2F32A75088E006CD9C4 /* ToDoListUITests.swift */ = {isa = PBXFileReference; lastKnownFileType = sourcecode.swift; path = ToDoListUITests.swift; sourceTree = "<group>"; };
		C3CFA2F52A75088E006CD9C4 /* ToDoListUITestsLaunchTests.swift */ = {isa = PBXFileReference; lastKnownFileType = sourcecode.swift; path = ToDoListUITestsLaunchTests.swift; sourceTree = "<group>"; };
		C3CFA3022A750D77006CD9C4 /* AddButton.swift */ = {isa = PBXFileReference; lastKnownFileType = sourcecode.swift; path = AddButton.swift; sourceTree = "<group>"; };
/* End PBXFileReference section */

/* Begin PBXFrameworksBuildPhase section */
		C3CFA2CD2A75088E006CD9C4 /* Frameworks */ = {
			isa = PBXFrameworksBuildPhase;
			buildActionMask = 2147483647;
			files = (
			);
			runOnlyForDeploymentPostprocessing = 0;
		};
		C3CFA2E22A75088E006CD9C4 /* Frameworks */ = {
			isa = PBXFrameworksBuildPhase;
			buildActionMask = 2147483647;
			files = (
			);
			runOnlyForDeploymentPostprocessing = 0;
		};
		C3CFA2EC2A75088E006CD9C4 /* Frameworks */ = {
			isa = PBXFrameworksBuildPhase;
			buildActionMask = 2147483647;
			files = (
			);
			runOnlyForDeploymentPostprocessing = 0;
		};
/* End PBXFrameworksBuildPhase section */

/* Begin PBXGroup section */
		C37480D42A7535C700E2CD1A /* View */ = {
			isa = PBXGroup;
			children = (
				C3CFA3022A750D77006CD9C4 /* AddButton.swift */,
				C37480D72A7536AB00E2CD1A /* CheckBoxView.swift */,
				C37480D02A7519F300E2CD1A /* EditView.swift */,
				C37480D52A7535DE00E2CD1A /* TaskCell.swift */,
				C3CFA2D52A75088E006CD9C4 /* TaskView.swift */,
			);
			path = View;
			sourceTree = "<group>";
		};
		C37480D92A7538D400E2CD1A /* Model */ = {
			isa = PBXGroup;
			children = (
				C3CFA2DC2A75088E006CD9C4 /* Persistence.swift */,
				C37480DA2A7538EB00E2CD1A /* Extension.swift */,
			);
			path = Model;
			sourceTree = "<group>";
		};
		C3CFA2C72A75088E006CD9C4 = {
			isa = PBXGroup;
			children = (
				C3CFA2D22A75088E006CD9C4 /* ToDoList */,
				C3CFA2E82A75088E006CD9C4 /* ToDoListTests */,
				C3CFA2F22A75088E006CD9C4 /* ToDoListUITests */,
				C3CFA2D12A75088E006CD9C4 /* Products */,
			);
			sourceTree = "<group>";
		};
		C3CFA2D12A75088E006CD9C4 /* Products */ = {
			isa = PBXGroup;
			children = (
				C3CFA2D02A75088E006CD9C4 /* ToDoList.app */,
				C3CFA2E52A75088E006CD9C4 /* ToDoListTests.xctest */,
				C3CFA2EF2A75088E006CD9C4 /* ToDoListUITests.xctest */,
			);
			name = Products;
			sourceTree = "<group>";
		};
		C3CFA2D22A75088E006CD9C4 /* ToDoList */ = {
			isa = PBXGroup;
			children = (
				C3CFA2D32A75088E006CD9C4 /* ToDoListApp.swift */,
				C37480D42A7535C700E2CD1A /* View */,
				C3CFA2D72A75088E006CD9C4 /* Assets.xcassets */,
				C37480D92A7538D400E2CD1A /* Model */,
				C3CFA2DE2A75088E006CD9C4 /* ToDoList.xcdatamodeld */,
				C3CFA2D92A75088E006CD9C4 /* Preview Content */,
				C37480D22A752AEA00E2CD1A /* DateHolder.swift */,
			);
			path = ToDoList;
			sourceTree = "<group>";
		};
		C3CFA2D92A75088E006CD9C4 /* Preview Content */ = {
			isa = PBXGroup;
			children = (
				C3CFA2DA2A75088E006CD9C4 /* Preview Assets.xcassets */,
			);
			path = "Preview Content";
			sourceTree = "<group>";
		};
		C3CFA2E82A75088E006CD9C4 /* ToDoListTests */ = {
			isa = PBXGroup;
			children = (
				C3CFA2E92A75088E006CD9C4 /* ToDoListTests.swift */,
			);
			path = ToDoListTests;
			sourceTree = "<group>";
		};
		C3CFA2F22A75088E006CD9C4 /* ToDoListUITests */ = {
			isa = PBXGroup;
			children = (
				C3CFA2F32A75088E006CD9C4 /* ToDoListUITests.swift */,
				C3CFA2F52A75088E006CD9C4 /* ToDoListUITestsLaunchTests.swift */,
			);
			path = ToDoListUITests;
			sourceTree = "<group>";
		};
/* End PBXGroup section */

/* Begin PBXNativeTarget section */
		C3CFA2CF2A75088E006CD9C4 /* ToDoList */ = {
			isa = PBXNativeTarget;
			buildConfigurationList = C3CFA2F92A75088E006CD9C4 /* Build configuration list for PBXNativeTarget "ToDoList" */;
			buildPhases = (
				C3CFA2CC2A75088E006CD9C4 /* Sources */,
				C3CFA2CD2A75088E006CD9C4 /* Frameworks */,
				C3CFA2CE2A75088E006CD9C4 /* Resources */,
			);
			buildRules = (
			);
			dependencies = (
			);
			name = ToDoList;
			productName = ToDoList;
			productReference = C3CFA2D02A75088E006CD9C4 /* ToDoList.app */;
			productType = "com.apple.product-type.application";
		};
		C3CFA2E42A75088E006CD9C4 /* ToDoListTests */ = {
			isa = PBXNativeTarget;
			buildConfigurationList = C3CFA2FC2A75088E006CD9C4 /* Build configuration list for PBXNativeTarget "ToDoListTests" */;
			buildPhases = (
				C3CFA2E12A75088E006CD9C4 /* Sources */,
				C3CFA2E22A75088E006CD9C4 /* Frameworks */,
				C3CFA2E32A75088E006CD9C4 /* Resources */,
			);
			buildRules = (
			);
			dependencies = (
				C3CFA2E72A75088E006CD9C4 /* PBXTargetDependency */,
			);
			name = ToDoListTests;
			productName = ToDoListTests;
			productReference = C3CFA2E52A75088E006CD9C4 /* ToDoListTests.xctest */;
			productType = "com.apple.product-type.bundle.unit-test";
		};
		C3CFA2EE2A75088E006CD9C4 /* ToDoListUITests */ = {
			isa = PBXNativeTarget;
			buildConfigurationList = C3CFA2FF2A75088E006CD9C4 /* Build configuration list for PBXNativeTarget "ToDoListUITests" */;
			buildPhases = (
				C3CFA2EB2A75088E006CD9C4 /* Sources */,
				C3CFA2EC2A75088E006CD9C4 /* Frameworks */,
				C3CFA2ED2A75088E006CD9C4 /* Resources */,
			);
			buildRules = (
			);
			dependencies = (
				C3CFA2F12A75088E006CD9C4 /* PBXTargetDependency */,
			);
			name = ToDoListUITests;
			productName = ToDoListUITests;
			productReference = C3CFA2EF2A75088E006CD9C4 /* ToDoListUITests.xctest */;
			productType = "com.apple.product-type.bundle.ui-testing";
		};
/* End PBXNativeTarget section */

/* Begin PBXProject section */
		C3CFA2C82A75088E006CD9C4 /* Project object */ = {
			isa = PBXProject;
			attributes = {
				BuildIndependentTargetsInParallel = 1;
				LastSwiftUpdateCheck = 1430;
				LastUpgradeCheck = 1430;
				TargetAttributes = {
					C3CFA2CF2A75088E006CD9C4 = {
						CreatedOnToolsVersion = 14.3.1;
					};
					C3CFA2E42A75088E006CD9C4 = {
						CreatedOnToolsVersion = 14.3.1;
						TestTargetID = C3CFA2CF2A75088E006CD9C4;
					};
					C3CFA2EE2A75088E006CD9C4 = {
						CreatedOnToolsVersion = 14.3.1;
						TestTargetID = C3CFA2CF2A75088E006CD9C4;
					};
				};
			};
			buildConfigurationList = C3CFA2CB2A75088E006CD9C4 /* Build configuration list for PBXProject "ToDoList" */;
			compatibilityVersion = "Xcode 14.0";
			developmentRegion = en;
			hasScannedForEncodings = 0;
			knownRegions = (
				en,
				Base,
			);
			mainGroup = C3CFA2C72A75088E006CD9C4;
			productRefGroup = C3CFA2D12A75088E006CD9C4 /* Products */;
			projectDirPath = "";
			projectRoot = "";
			targets = (
				C3CFA2CF2A75088E006CD9C4 /* ToDoList */,
				C3CFA2E42A75088E006CD9C4 /* ToDoListTests */,
				C3CFA2EE2A75088E006CD9C4 /* ToDoListUITests */,
			);
		};
/* End PBXProject section */

/* Begin PBXResourcesBuildPhase section */
		C3CFA2CE2A75088E006CD9C4 /* Resources */ = {
			isa = PBXResourcesBuildPhase;
			buildActionMask = 2147483647;
			files = (
				C3CFA2DB2A75088E006CD9C4 /* Preview Assets.xcassets in Resources */,
				C3CFA2D82A75088E006CD9C4 /* Assets.xcassets in Resources */,
			);
			runOnlyForDeploymentPostprocessing = 0;
		};
		C3CFA2E32A75088E006CD9C4 /* Resources */ = {
			isa = PBXResourcesBuildPhase;
			buildActionMask = 2147483647;
			files = (
			);
			runOnlyForDeploymentPostprocessing = 0;
		};
		C3CFA2ED2A75088E006CD9C4 /* Resources */ = {
			isa = PBXResourcesBuildPhase;
			buildActionMask = 2147483647;
			files = (
			);
			runOnlyForDeploymentPostprocessing = 0;
		};
/* End PBXResourcesBuildPhase section */

/* Begin PBXSourcesBuildPhase section */
		C3CFA2CC2A75088E006CD9C4 /* Sources */ = {
			isa = PBXSourcesBuildPhase;
			buildActionMask = 2147483647;
			files = (
				C37480D32A752AEA00E2CD1A /* DateHolder.swift in Sources */,
				C3CFA2DD2A75088E006CD9C4 /* Persistence.swift in Sources */,
				C3CFA2D62A75088E006CD9C4 /* TaskView.swift in Sources */,
				C37480D12A7519F300E2CD1A /* EditView.swift in Sources */,
				C37480D82A7536AB00E2CD1A /* CheckBoxView.swift in Sources */,
				C37480DB2A7538EB00E2CD1A /* Extension.swift in Sources */,
				C37480D62A7535DE00E2CD1A /* TaskCell.swift in Sources */,
				C3CFA2D42A75088E006CD9C4 /* ToDoListApp.swift in Sources */,
				C3CFA3032A750D77006CD9C4 /* AddButton.swift in Sources */,
				C3CFA2E02A75088E006CD9C4 /* ToDoList.xcdatamodeld in Sources */,
			);
			runOnlyForDeploymentPostprocessing = 0;
		};
		C3CFA2E12A75088E006CD9C4 /* Sources */ = {
			isa = PBXSourcesBuildPhase;
			buildActionMask = 2147483647;
			files = (
				C3CFA2EA2A75088E006CD9C4 /* ToDoListTests.swift in Sources */,
			);
			runOnlyForDeploymentPostprocessing = 0;
		};
		C3CFA2EB2A75088E006CD9C4 /* Sources */ = {
			isa = PBXSourcesBuildPhase;
			buildActionMask = 2147483647;
			files = (
				C3CFA2F62A75088E006CD9C4 /* ToDoListUITestsLaunchTests.swift in Sources */,
				C3CFA2F42A75088E006CD9C4 /* ToDoListUITests.swift in Sources */,
			);
			runOnlyForDeploymentPostprocessing = 0;
		};
/* End PBXSourcesBuildPhase section */

/* Begin PBXTargetDependency section */
		C3CFA2E72A75088E006CD9C4 /* PBXTargetDependency */ = {
			isa = PBXTargetDependency;
			target = C3CFA2CF2A75088E006CD9C4 /* ToDoList */;
			targetProxy = C3CFA2E62A75088E006CD9C4 /* PBXContainerItemProxy */;
		};
		C3CFA2F12A75088E006CD9C4 /* PBXTargetDependency */ = {
			isa = PBXTargetDependency;
			target = C3CFA2CF2A75088E006CD9C4 /* ToDoList */;
			targetProxy = C3CFA2F02A75088E006CD9C4 /* PBXContainerItemProxy */;
		};
/* End PBXTargetDependency section */

/* Begin XCBuildConfiguration section */
		C3CFA2F72A75088E006CD9C4 /* Debug */ = {
			isa = XCBuildConfiguration;
			buildSettings = {
				ALWAYS_SEARCH_USER_PATHS = NO;
				CLANG_ANALYZER_NONNULL = YES;
				CLANG_ANALYZER_NUMBER_OBJECT_CONVERSION = YES_AGGRESSIVE;
				CLANG_CXX_LANGUAGE_STANDARD = "gnu++20";
				CLANG_ENABLE_MODULES = YES;
				CLANG_ENABLE_OBJC_ARC = YES;
				CLANG_ENABLE_OBJC_WEAK = YES;
				CLANG_WARN_BLOCK_CAPTURE_AUTORELEASING = YES;
				CLANG_WARN_BOOL_CONVERSION = YES;
				CLANG_WARN_COMMA = YES;
				CLANG_WARN_CONSTANT_CONVERSION = YES;
				CLANG_WARN_DEPRECATED_OBJC_IMPLEMENTATIONS = YES;
				CLANG_WARN_DIRECT_OBJC_ISA_USAGE = YES_ERROR;
				CLANG_WARN_DOCUMENTATION_COMMENTS = YES;
				CLANG_WARN_EMPTY_BODY = YES;
				CLANG_WARN_ENUM_CONVERSION = YES;
				CLANG_WARN_INFINITE_RECURSION = YES;
				CLANG_WARN_INT_CONVERSION = YES;
				CLANG_WARN_NON_LITERAL_NULL_CONVERSION = YES;
				CLANG_WARN_OBJC_IMPLICIT_RETAIN_SELF = YES;
				CLANG_WARN_OBJC_LITERAL_CONVERSION = YES;
				CLANG_WARN_OBJC_ROOT_CLASS = YES_ERROR;
				CLANG_WARN_QUOTED_INCLUDE_IN_FRAMEWORK_HEADER = YES;
				CLANG_WARN_RANGE_LOOP_ANALYSIS = YES;
				CLANG_WARN_STRICT_PROTOTYPES = YES;
				CLANG_WARN_SUSPICIOUS_MOVE = YES;
				CLANG_WARN_UNGUARDED_AVAILABILITY = YES_AGGRESSIVE;
				CLANG_WARN_UNREACHABLE_CODE = YES;
				CLANG_WARN__DUPLICATE_METHOD_MATCH = YES;
				COPY_PHASE_STRIP = NO;
				DEBUG_INFORMATION_FORMAT = dwarf;
				ENABLE_STRICT_OBJC_MSGSEND = YES;
				ENABLE_TESTABILITY = YES;
				GCC_C_LANGUAGE_STANDARD = gnu11;
				GCC_DYNAMIC_NO_PIC = NO;
				GCC_NO_COMMON_BLOCKS = YES;
				GCC_OPTIMIZATION_LEVEL = 0;
				GCC_PREPROCESSOR_DEFINITIONS = (
					"DEBUG=1",
					"$(inherited)",
				);
				GCC_WARN_64_TO_32_BIT_CONVERSION = YES;
				GCC_WARN_ABOUT_RETURN_TYPE = YES_ERROR;
				GCC_WARN_UNDECLARED_SELECTOR = YES;
				GCC_WARN_UNINITIALIZED_AUTOS = YES_AGGRESSIVE;
				GCC_WARN_UNUSED_FUNCTION = YES;
				GCC_WARN_UNUSED_VARIABLE = YES;
				IPHONEOS_DEPLOYMENT_TARGET = 16.4;
				MTL_ENABLE_DEBUG_INFO = INCLUDE_SOURCE;
				MTL_FAST_MATH = YES;
				ONLY_ACTIVE_ARCH = YES;
				SDKROOT = iphoneos;
				SWIFT_ACTIVE_COMPILATION_CONDITIONS = DEBUG;
				SWIFT_OPTIMIZATION_LEVEL = "-Onone";
			};
			name = Debug;
		};
		C3CFA2F82A75088E006CD9C4 /* Release */ = {
			isa = XCBuildConfiguration;
			buildSettings = {
				ALWAYS_SEARCH_USER_PATHS = NO;
				CLANG_ANALYZER_NONNULL = YES;
				CLANG_ANALYZER_NUMBER_OBJECT_CONVERSION = YES_AGGRESSIVE;
				CLANG_CXX_LANGUAGE_STANDARD = "gnu++20";
				CLANG_ENABLE_MODULES = YES;
				CLANG_ENABLE_OBJC_ARC = YES;
				CLANG_ENABLE_OBJC_WEAK = YES;
				CLANG_WARN_BLOCK_CAPTURE_AUTORELEASING = YES;
				CLANG_WARN_BOOL_CONVERSION = YES;
				CLANG_WARN_COMMA = YES;
				CLANG_WARN_CONSTANT_CONVERSION = YES;
				CLANG_WARN_DEPRECATED_OBJC_IMPLEMENTATIONS = YES;
				CLANG_WARN_DIRECT_OBJC_ISA_USAGE = YES_ERROR;
				CLANG_WARN_DOCUMENTATION_COMMENTS = YES;
				CLANG_WARN_EMPTY_BODY = YES;
				CLANG_WARN_ENUM_CONVERSION = YES;
				CLANG_WARN_INFINITE_RECURSION = YES;
				CLANG_WARN_INT_CONVERSION = YES;
				CLANG_WARN_NON_LITERAL_NULL_CONVERSION = YES;
				CLANG_WARN_OBJC_IMPLICIT_RETAIN_SELF = YES;
				CLANG_WARN_OBJC_LITERAL_CONVERSION = YES;
				CLANG_WARN_OBJC_ROOT_CLASS = YES_ERROR;
				CLANG_WARN_QUOTED_INCLUDE_IN_FRAMEWORK_HEADER = YES;
				CLANG_WARN_RANGE_LOOP_ANALYSIS = YES;
				CLANG_WARN_STRICT_PROTOTYPES = YES;
				CLANG_WARN_SUSPICIOUS_MOVE = YES;
				CLANG_WARN_UNGUARDED_AVAILABILITY = YES_AGGRESSIVE;
				CLANG_WARN_UNREACHABLE_CODE = YES;
				CLANG_WARN__DUPLICATE_METHOD_MATCH = YES;
				COPY_PHASE_STRIP = NO;
				DEBUG_INFORMATION_FORMAT = "dwarf-with-dsym";
				ENABLE_NS_ASSERTIONS = NO;
				ENABLE_STRICT_OBJC_MSGSEND = YES;
				GCC_C_LANGUAGE_STANDARD = gnu11;
				GCC_NO_COMMON_BLOCKS = YES;
				GCC_WARN_64_TO_32_BIT_CONVERSION = YES;
				GCC_WARN_ABOUT_RETURN_TYPE = YES_ERROR;
				GCC_WARN_UNDECLARED_SELECTOR = YES;
				GCC_WARN_UNINITIALIZED_AUTOS = YES_AGGRESSIVE;
				GCC_WARN_UNUSED_FUNCTION = YES;
				GCC_WARN_UNUSED_VARIABLE = YES;
				IPHONEOS_DEPLOYMENT_TARGET = 16.4;
				MTL_ENABLE_DEBUG_INFO = NO;
				MTL_FAST_MATH = YES;
				SDKROOT = iphoneos;
				SWIFT_COMPILATION_MODE = wholemodule;
				SWIFT_OPTIMIZATION_LEVEL = "-O";
				VALIDATE_PRODUCT = YES;
			};
			name = Release;
		};
		C3CFA2FA2A75088E006CD9C4 /* Debug */ = {
			isa = XCBuildConfiguration;
			buildSettings = {
				ASSETCATALOG_COMPILER_APPICON_NAME = AppIcon;
				ASSETCATALOG_COMPILER_GLOBAL_ACCENT_COLOR_NAME = AccentColor;
				CODE_SIGN_STYLE = Automatic;
				CURRENT_PROJECT_VERSION = 1;
				DEVELOPMENT_ASSET_PATHS = "\"ToDoList/Preview Content\"";
				DEVELOPMENT_TEAM = JY4LC4DV9B;
				ENABLE_PREVIEWS = YES;
				GENERATE_INFOPLIST_FILE = YES;
				INFOPLIST_KEY_UIApplicationSceneManifest_Generation = YES;
				INFOPLIST_KEY_UIApplicationSupportsIndirectInputEvents = YES;
				INFOPLIST_KEY_UILaunchScreen_Generation = YES;
				INFOPLIST_KEY_UISupportedInterfaceOrientations_iPad = "UIInterfaceOrientationPortrait UIInterfaceOrientationPortraitUpsideDown UIInterfaceOrientationLandscapeLeft UIInterfaceOrientationLandscapeRight";
				INFOPLIST_KEY_UISupportedInterfaceOrientations_iPhone = "UIInterfaceOrientationPortrait UIInterfaceOrientationLandscapeLeft UIInterfaceOrientationLandscapeRight";
				LD_RUNPATH_SEARCH_PATHS = (
					"$(inherited)",
					"@executable_path/Frameworks",
				);
				MARKETING_VERSION = 1.0;
				PRODUCT_BUNDLE_IDENTIFIER = com.zakkimudhoffar.ToDoList;
				PRODUCT_NAME = "$(TARGET_NAME)";
				SWIFT_EMIT_LOC_STRINGS = YES;
				SWIFT_VERSION = 5.0;
				TARGETED_DEVICE_FAMILY = "1,2";
			};
			name = Debug;
		};
		C3CFA2FB2A75088E006CD9C4 /* Release */ = {
			isa = XCBuildConfiguration;
			buildSettings = {
				ASSETCATALOG_COMPILER_APPICON_NAME = AppIcon;
				ASSETCATALOG_COMPILER_GLOBAL_ACCENT_COLOR_NAME = AccentColor;
				CODE_SIGN_STYLE = Automatic;
				CURRENT_PROJECT_VERSION = 1;
				DEVELOPMENT_ASSET_PATHS = "\"ToDoList/Preview Content\"";
				DEVELOPMENT_TEAM = JY4LC4DV9B;
				ENABLE_PREVIEWS = YES;
				GENERATE_INFOPLIST_FILE = YES;
				INFOPLIST_KEY_UIApplicationSceneManifest_Generation = YES;
				INFOPLIST_KEY_UIApplicationSupportsIndirectInputEvents = YES;
				INFOPLIST_KEY_UILaunchScreen_Generation = YES;
				INFOPLIST_KEY_UISupportedInterfaceOrientations_iPad = "UIInterfaceOrientationPortrait UIInterfaceOrientationPortraitUpsideDown UIInterfaceOrientationLandscapeLeft UIInterfaceOrientationLandscapeRight";
				INFOPLIST_KEY_UISupportedInterfaceOrientations_iPhone = "UIInterfaceOrientationPortrait UIInterfaceOrientationLandscapeLeft UIInterfaceOrientationLandscapeRight";
				LD_RUNPATH_SEARCH_PATHS = (
					"$(inherited)",
					"@executable_path/Frameworks",
				);
				MARKETING_VERSION = 1.0;
				PRODUCT_BUNDLE_IDENTIFIER = com.zakkimudhoffar.ToDoList;
				PRODUCT_NAME = "$(TARGET_NAME)";
				SWIFT_EMIT_LOC_STRINGS = YES;
				SWIFT_VERSION = 5.0;
				TARGETED_DEVICE_FAMILY = "1,2";
			};
			name = Release;
		};
		C3CFA2FD2A75088E006CD9C4 /* Debug */ = {
			isa = XCBuildConfiguration;
			buildSettings = {
				ALWAYS_EMBED_SWIFT_STANDARD_LIBRARIES = YES;
				BUNDLE_LOADER = "$(TEST_HOST)";
				CODE_SIGN_STYLE = Automatic;
				CURRENT_PROJECT_VERSION = 1;
				DEVELOPMENT_TEAM = JY4LC4DV9B;
				GENERATE_INFOPLIST_FILE = YES;
				IPHONEOS_DEPLOYMENT_TARGET = 16.4;
				MARKETING_VERSION = 1.0;
				PRODUCT_BUNDLE_IDENTIFIER = com.zakkimudhoffar.ToDoListTests;
				PRODUCT_NAME = "$(TARGET_NAME)";
				SWIFT_EMIT_LOC_STRINGS = NO;
				SWIFT_VERSION = 5.0;
				TARGETED_DEVICE_FAMILY = "1,2";
				TEST_HOST = "$(BUILT_PRODUCTS_DIR)/ToDoList.app/$(BUNDLE_EXECUTABLE_FOLDER_PATH)/ToDoList";
			};
			name = Debug;
		};
		C3CFA2FE2A75088E006CD9C4 /* Release */ = {
			isa = XCBuildConfiguration;
			buildSettings = {
				ALWAYS_EMBED_SWIFT_STANDARD_LIBRARIES = YES;
				BUNDLE_LOADER = "$(TEST_HOST)";
				CODE_SIGN_STYLE = Automatic;
				CURRENT_PROJECT_VERSION = 1;
				DEVELOPMENT_TEAM = JY4LC4DV9B;
				GENERATE_INFOPLIST_FILE = YES;
				IPHONEOS_DEPLOYMENT_TARGET = 16.4;
				MARKETING_VERSION = 1.0;
				PRODUCT_BUNDLE_IDENTIFIER = com.zakkimudhoffar.ToDoListTests;
				PRODUCT_NAME = "$(TARGET_NAME)";
				SWIFT_EMIT_LOC_STRINGS = NO;
				SWIFT_VERSION = 5.0;
				TARGETED_DEVICE_FAMILY = "1,2";
				TEST_HOST = "$(BUILT_PRODUCTS_DIR)/ToDoList.app/$(BUNDLE_EXECUTABLE_FOLDER_PATH)/ToDoList";
			};
			name = Release;
		};
		C3CFA3002A75088E006CD9C4 /* Debug */ = {
			isa = XCBuildConfiguration;
			buildSettings = {
				ALWAYS_EMBED_SWIFT_STANDARD_LIBRARIES = YES;
				CODE_SIGN_STYLE = Automatic;
				CURRENT_PROJECT_VERSION = 1;
				DEVELOPMENT_TEAM = JY4LC4DV9B;
				GENERATE_INFOPLIST_FILE = YES;
				MARKETING_VERSION = 1.0;
				PRODUCT_BUNDLE_IDENTIFIER = com.zakkimudhoffar.ToDoListUITests;
				PRODUCT_NAME = "$(TARGET_NAME)";
				SWIFT_EMIT_LOC_STRINGS = NO;
				SWIFT_VERSION = 5.0;
				TARGETED_DEVICE_FAMILY = "1,2";
				TEST_TARGET_NAME = ToDoList;
			};
			name = Debug;
		};
		C3CFA3012A75088E006CD9C4 /* Release */ = {
			isa = XCBuildConfiguration;
			buildSettings = {
				ALWAYS_EMBED_SWIFT_STANDARD_LIBRARIES = YES;
				CODE_SIGN_STYLE = Automatic;
				CURRENT_PROJECT_VERSION = 1;
				DEVELOPMENT_TEAM = JY4LC4DV9B;
				GENERATE_INFOPLIST_FILE = YES;
				MARKETING_VERSION = 1.0;
				PRODUCT_BUNDLE_IDENTIFIER = com.zakkimudhoffar.ToDoListUITests;
				PRODUCT_NAME = "$(TARGET_NAME)";
				SWIFT_EMIT_LOC_STRINGS = NO;
				SWIFT_VERSION = 5.0;
				TARGETED_DEVICE_FAMILY = "1,2";
				TEST_TARGET_NAME = ToDoList;
			};
			name = Release;
		};
/* End XCBuildConfiguration section */

/* Begin XCConfigurationList section */
		C3CFA2CB2A75088E006CD9C4 /* Build configuration list for PBXProject "ToDoList" */ = {
			isa = XCConfigurationList;
			buildConfigurations = (
				C3CFA2F72A75088E006CD9C4 /* Debug */,
				C3CFA2F82A75088E006CD9C4 /* Release */,
			);
			defaultConfigurationIsVisible = 0;
			defaultConfigurationName = Release;
		};
		C3CFA2F92A75088E006CD9C4 /* Build configuration list for PBXNativeTarget "ToDoList" */ = {
			isa = XCConfigurationList;
			buildConfigurations = (
				C3CFA2FA2A75088E006CD9C4 /* Debug */,
				C3CFA2FB2A75088E006CD9C4 /* Release */,
			);
			defaultConfigurationIsVisible = 0;
			defaultConfigurationName = Release;
		};
		C3CFA2FC2A75088E006CD9C4 /* Build configuration list for PBXNativeTarget "ToDoListTests" */ = {
			isa = XCConfigurationList;
			buildConfigurations = (
				C3CFA2FD2A75088E006CD9C4 /* Debug */,
				C3CFA2FE2A75088E006CD9C4 /* Release */,
			);
			defaultConfigurationIsVisible = 0;
			defaultConfigurationName = Release;
		};
		C3CFA2FF2A75088E006CD9C4 /* Build configuration list for PBXNativeTarget "ToDoListUITests" */ = {
			isa = XCConfigurationList;
			buildConfigurations = (
				C3CFA3002A75088E006CD9C4 /* Debug */,
				C3CFA3012A75088E006CD9C4 /* Release */,
			);
			defaultConfigurationIsVisible = 0;
			defaultConfigurationName = Release;
		};
/* End XCConfigurationList section */

/* Begin XCVersionGroup section */
		C3CFA2DE2A75088E006CD9C4 /* ToDoList.xcdatamodeld */ = {
			isa = XCVersionGroup;
			children = (
				C3CFA2DF2A75088E006CD9C4 /* ToDoList.xcdatamodel */,
			);
			currentVersion = C3CFA2DF2A75088E006CD9C4 /* ToDoList.xcdatamodel */;
			path = ToDoList.xcdatamodeld;
			sourceTree = "<group>";
			versionGroupType = wrapper.xcdatamodel;
		};
/* End XCVersionGroup section */
	};
	rootObject = C3CFA2C82A75088E006CD9C4 /* Project object */;
}
